# THIS IS AN AUTOGENERATED FILE. DO NOT EDIT THIS FILE DIRECTLY.
# yarn lockfile v1


node-addon-api@^1.6.3:
  version "1.7.1"
  resolved "https://registry.npm.taobao.org/node-addon-api/download/node-addon-api-1.7.1.tgz#cf813cd69bb8d9100f6bdca6755fc268f54ac492"
  integrity sha1-z4E81pu42RAPa9ymdV/CaPVKxJI=
