# THIS IS AN AUTOGENERATED FILE. DO NOT EDIT THIS FILE DIRECTLY.
# yarn lockfile v1


node-addon-api@^1.6.3:
  version "1.6.3"
  resolved "https://registry.npm.taobao.org/node-addon-api/download/node-addon-api-1.6.3.tgz#3998d4593e2dca2ea82114670a4eb003386a9fe1"
  integrity sha1-OZjUWT4tyi6oIRRnCk6wAzhqn+E=
